
Microsoft Visual Studio Solution File, Format Version 12.00
# Visual Studio Version 16
VisualStudioVersion = 16.0.30621.155
MinimumVisualStudioVersion = 10.0.40219.1
Project("{FAE04EC0-301F-11D3-BF4B-00C04F79EFBC}") = "puzzle_game_2", "puzzle_game_2.csproj", "{748741D4-A7CA-4CF6-B155-AF4BB95EE211}"
EndProject
Global
	GlobalSection(SolutionConfigurationPlatforms) = preSolution
		Debug|Any CPU = Debug|Any CPU
		Release|Any CPU = Release|Any CPU
	EndGlobalSection
	GlobalSection(ProjectConfigurationPlatforms) = postSolution
		{748741D4-A7CA-4CF6-B155-AF4BB95EE211}.Debug|Any CPU.ActiveCfg = Debug|Any CPU
		{748741D4-A7CA-4CF6-B155-AF4BB95EE211}.Debug|Any CPU.Build.0 = Debug|Any CPU
		{748741D4-A7CA-4CF6-B155-AF4BB95EE211}.Release|Any CPU.ActiveCfg = Release|Any CPU
		{748741D4-A7CA-4CF6-B155-AF4BB95EE211}.Release|Any CPU.Build.0 = Release|Any CPU
	EndGlobalSection
	GlobalSection(SolutionProperties) = preSolution
		HideSolutionNode = FALSE
	EndGlobalSection
	GlobalSection(ExtensibilityGlobals) = postSolution
		SolutionGuid = {F9173FEE-B739-4374-8E1D-FF5123F3E5BA}
	EndGlobalSection
EndGlobal
